// !$*UTF8*$!
{
	archiveVersion = 1;
	classes = {
	};
	objectVersion = 51;
	objects = {

/* Begin PBXBuildFile section */
		02665EA61536B1113639060A /* libPods-Barter POCTests.a in Frameworks */ = {isa = PBXBuildFile; fileRef = 7727850434E0E2108737459C /* libPods-Barter POCTests.a */; };
		2F02ED3623E0B72900BD20C6 /* FeedViewController.swift in Sources */ = {isa = PBXBuildFile; fileRef = 2F02ED3523E0B72900BD20C6 /* FeedViewController.swift */; };
		2F02ED3923E0B88B00BD20C6 /* BestRecommendationTableViewCell.swift in Sources */ = {isa = PBXBuildFile; fileRef = 2F02ED3823E0B88B00BD20C6 /* BestRecommendationTableViewCell.swift */; };
		2F02ED3B23E0BB6F00BD20C6 /* BestRecommendedItemCollectionViewCell.swift in Sources */ = {isa = PBXBuildFile; fileRef = 2F02ED3A23E0BB6F00BD20C6 /* BestRecommendedItemCollectionViewCell.swift */; };
		2F02ED3D23E0BD7100BD20C6 /* UserSpecialRecommendationsTableViewCell.swift in Sources */ = {isa = PBXBuildFile; fileRef = 2F02ED3C23E0BD7100BD20C6 /* UserSpecialRecommendationsTableViewCell.swift */; };
		2F063C9B23EFEEAE0086CFE3 /* OpenOffersViewController.swift in Sources */ = {isa = PBXBuildFile; fileRef = 2F063C9A23EFEEAE0086CFE3 /* OpenOffersViewController.swift */; };
		2F063C9E23EFEF990086CFE3 /* InventoryTableViewCell.swift in Sources */ = {isa = PBXBuildFile; fileRef = 2F063C9D23EFEF990086CFE3 /* InventoryTableViewCell.swift */; };
		2F063CA023EFF0C60086CFE3 /* ItemCell.swift in Sources */ = {isa = PBXBuildFile; fileRef = 2F063C9F23EFF0C60086CFE3 /* ItemCell.swift */; };
		2F36973623DF57EF00B9ED2D /* AppDelegate.swift in Sources */ = {isa = PBXBuildFile; fileRef = 2F36973523DF57EF00B9ED2D /* AppDelegate.swift */; };
		2F36973823DF57EF00B9ED2D /* SceneDelegate.swift in Sources */ = {isa = PBXBuildFile; fileRef = 2F36973723DF57EF00B9ED2D /* SceneDelegate.swift */; };
		2F36973A23DF57EF00B9ED2D /* SearchViewController.swift in Sources */ = {isa = PBXBuildFile; fileRef = 2F36973923DF57EF00B9ED2D /* SearchViewController.swift */; };
		2F36973D23DF57EF00B9ED2D /* Main.storyboard in Resources */ = {isa = PBXBuildFile; fileRef = 2F36973B23DF57EF00B9ED2D /* Main.storyboard */; };
		2F36973F23DF57F100B9ED2D /* Assets.xcassets in Resources */ = {isa = PBXBuildFile; fileRef = 2F36973E23DF57F100B9ED2D /* Assets.xcassets */; };
		2F36974223DF57F100B9ED2D /* LaunchScreen.storyboard in Resources */ = {isa = PBXBuildFile; fileRef = 2F36974023DF57F100B9ED2D /* LaunchScreen.storyboard */; };
		2F36974D23DF57F100B9ED2D /* Barter_POCTests.swift in Sources */ = {isa = PBXBuildFile; fileRef = 2F36974C23DF57F100B9ED2D /* Barter_POCTests.swift */; };
		2F36975823DF57F100B9ED2D /* Barter_POCUITests.swift in Sources */ = {isa = PBXBuildFile; fileRef = 2F36975723DF57F100B9ED2D /* Barter_POCUITests.swift */; };
		2F36976823DF586900B9ED2D /* SearchCollectionViewCell.swift in Sources */ = {isa = PBXBuildFile; fileRef = 2F36976723DF586900B9ED2D /* SearchCollectionViewCell.swift */; };
		2F36976A23DF6FBC00B9ED2D /* ItemViewController.swift in Sources */ = {isa = PBXBuildFile; fileRef = 2F36976923DF6FBC00B9ED2D /* ItemViewController.swift */; };
		2F36976D23DF8FC700B9ED2D /* ShadowRoundedImageView.swift in Sources */ = {isa = PBXBuildFile; fileRef = 2F36976C23DF8FC700B9ED2D /* ShadowRoundedImageView.swift */; };
		2F36976F23E0224F00B9ED2D /* GoodLuckViewController.swift in Sources */ = {isa = PBXBuildFile; fileRef = 2F36976E23E0224F00B9ED2D /* GoodLuckViewController.swift */; };
		2F57170223E40F5400B64FCD /* WinningPickItemViewController.swift in Sources */ = {isa = PBXBuildFile; fileRef = 2F57170123E40F5400B64FCD /* WinningPickItemViewController.swift */; };
		2F64AF7F23F3238D006E6D2A /* OpenOffersPresenter.swift in Sources */ = {isa = PBXBuildFile; fileRef = 2F64AF7E23F3238D006E6D2A /* OpenOffersPresenter.swift */; };
		2F9F104023ECA4B900159F44 /* MyItemsViewController.swift in Sources */ = {isa = PBXBuildFile; fileRef = 2F9F103F23ECA4B900159F44 /* MyItemsViewController.swift */; };
		2F9F104323ECA7E200159F44 /* MyItemCollectionViewCell.swift in Sources */ = {isa = PBXBuildFile; fileRef = 2F9F104223ECA7E200159F44 /* MyItemCollectionViewCell.swift */; };
		2F9F104523ECB01A00159F44 /* ItemDetailsViewController.swift in Sources */ = {isa = PBXBuildFile; fileRef = 2F9F104423ECB01A00159F44 /* ItemDetailsViewController.swift */; };
		2FB1623923E1EDAF00AB0D39 /* AddItemViewController.swift in Sources */ = {isa = PBXBuildFile; fileRef = 2FB1623823E1EDAF00AB0D39 /* AddItemViewController.swift */; };
		2FB1623B23E202FC00AB0D39 /* Extensions.swift in Sources */ = {isa = PBXBuildFile; fileRef = 2FB1623A23E202FC00AB0D39 /* Extensions.swift */; };
		2FB1623E23E2094200AB0D39 /* ImageAddingTableViewCell.swift in Sources */ = {isa = PBXBuildFile; fileRef = 2FB1623D23E2094200AB0D39 /* ImageAddingTableViewCell.swift */; };
		2FB1624023E2096100AB0D39 /* CategroyAndNameTableViewCell.swift in Sources */ = {isa = PBXBuildFile; fileRef = 2FB1623F23E2096100AB0D39 /* CategroyAndNameTableViewCell.swift */; };
		2FB1624223E2098500AB0D39 /* AgeDetailsAndAreaTableViewCell.swift in Sources */ = {isa = PBXBuildFile; fileRef = 2FB1624123E2098500AB0D39 /* AgeDetailsAndAreaTableViewCell.swift */; };
		2FC8869323EEA41E002D1910 /* MyItemsViewControllerPresenter.swift in Sources */ = {isa = PBXBuildFile; fileRef = 2FC8869223EEA41E002D1910 /* MyItemsViewControllerPresenter.swift */; };
		2FC8869523EEA93C002D1910 /* ChooseOneInventoryViewController.swift in Sources */ = {isa = PBXBuildFile; fileRef = 2FC8869423EEA93C002D1910 /* ChooseOneInventoryViewController.swift */; };
		2FC8869723EF51F7002D1910 /* Deal.swift in Sources */ = {isa = PBXBuildFile; fileRef = 2FC8869623EF51F7002D1910 /* Deal.swift */; };
		2FC8869A23EF56E2002D1910 /* EmptyOffersCollectionViewCell.swift in Sources */ = {isa = PBXBuildFile; fileRef = 2FC8869923EF56E2002D1910 /* EmptyOffersCollectionViewCell.swift */; };
		2FC8869C23EF56F6002D1910 /* OffersCollectionViewCell.swift in Sources */ = {isa = PBXBuildFile; fileRef = 2FC8869B23EF56F6002D1910 /* OffersCollectionViewCell.swift */; };
		2FC8869E23EF5862002D1910 /* OfferCell.swift in Sources */ = {isa = PBXBuildFile; fileRef = 2FC8869D23EF5862002D1910 /* OfferCell.swift */; };
		2FD364A323E6081A00B1CB00 /* SpinnerViewController.swift in Sources */ = {isa = PBXBuildFile; fileRef = 2FD364A223E6081A00B1CB00 /* SpinnerViewController.swift */; };
		2FDBCE8C23E61E400061A01D /* BeforeSearchCollectionViewCell.swift in Sources */ = {isa = PBXBuildFile; fileRef = 2FDBCE8B23E61E400061A01D /* BeforeSearchCollectionViewCell.swift */; };
		2FDDA93A23E56E3100C42AC3 /* Item.swift in Sources */ = {isa = PBXBuildFile; fileRef = 2FDDA93923E56E3100C42AC3 /* Item.swift */; };
		2FDE7F4E23E0CE0B008836FC /* UserSpecialRecommendationCollectionViewCell.swift in Sources */ = {isa = PBXBuildFile; fileRef = 2FDE7F4D23E0CE0B008836FC /* UserSpecialRecommendationCollectionViewCell.swift */; };
		2FE4BD0D23E5ED4400A76152 /* SearchPresenter.swift in Sources */ = {isa = PBXBuildFile; fileRef = 2FE4BD0C23E5ED4400A76152 /* SearchPresenter.swift */; };
		2FE5937223E5943400FBCB94 /* BestRecommendationsPresenter.swift in Sources */ = {isa = PBXBuildFile; fileRef = 2FE5937123E5943400FBCB94 /* BestRecommendationsPresenter.swift */; };
		2FE5937423E5966000FBCB94 /* MockFactory.swift in Sources */ = {isa = PBXBuildFile; fileRef = 2FE5937323E5966000FBCB94 /* MockFactory.swift */; };
		2FE5937723E59C4B00FBCB94 /* Category.swift in Sources */ = {isa = PBXBuildFile; fileRef = 2FE5937623E59C4B00FBCB94 /* Category.swift */; };
		2FE5937923E59CBB00FBCB94 /* FeedPresenter.swift in Sources */ = {isa = PBXBuildFile; fileRef = 2FE5937823E59CBB00FBCB94 /* FeedPresenter.swift */; };
		2FE5937B23E5A29000FBCB94 /* UserSpecialRecommendationPresenter.swift in Sources */ = {isa = PBXBuildFile; fileRef = 2FE5937A23E5A29000FBCB94 /* UserSpecialRecommendationPresenter.swift */; };
		D0A62D8A8D7627570ABE2672 /* libPods-Barter POC.a in Frameworks */ = {isa = PBXBuildFile; fileRef = 0BF1A8072A9099B405AA3E2C /* libPods-Barter POC.a */; };
		D9AC7FEDB4460291D4F7FEA2 /* libPods-Barter POCUITests.a in Frameworks */ = {isa = PBXBuildFile; fileRef = 5BF29098D58664F38225308F /* libPods-Barter POCUITests.a */; };
/* End PBXBuildFile section */

/* Begin PBXContainerItemProxy section */
		2F36974923DF57F100B9ED2D /* PBXContainerItemProxy */ = {
			isa = PBXContainerItemProxy;
			containerPortal = 2F36972A23DF57EF00B9ED2D /* Project object */;
			proxyType = 1;
			remoteGlobalIDString = 2F36973123DF57EF00B9ED2D;
			remoteInfo = "Barter POC";
		};
		2F36975423DF57F100B9ED2D /* PBXContainerItemProxy */ = {
			isa = PBXContainerItemProxy;
			containerPortal = 2F36972A23DF57EF00B9ED2D /* Project object */;
			proxyType = 1;
			remoteGlobalIDString = 2F36973123DF57EF00B9ED2D;
			remoteInfo = "Barter POC";
		};
/* End PBXContainerItemProxy section */

/* Begin PBXFileReference section */
		0BF1A8072A9099B405AA3E2C /* libPods-Barter POC.a */ = {isa = PBXFileReference; explicitFileType = archive.ar; includeInIndex = 0; path = "libPods-Barter POC.a"; sourceTree = BUILT_PRODUCTS_DIR; };
		173C99CD853C095D70BDA431 /* Pods-Barter POCTests.debug.xcconfig */ = {isa = PBXFileReference; includeInIndex = 1; lastKnownFileType = text.xcconfig; name = "Pods-Barter POCTests.debug.xcconfig"; path = "Target Support Files/Pods-Barter POCTests/Pods-Barter POCTests.debug.xcconfig"; sourceTree = "<group>"; };
		1E9B4805902E57F25B44B996 /* Pods-Barter POC.debug.xcconfig */ = {isa = PBXFileReference; includeInIndex = 1; lastKnownFileType = text.xcconfig; name = "Pods-Barter POC.debug.xcconfig"; path = "Target Support Files/Pods-Barter POC/Pods-Barter POC.debug.xcconfig"; sourceTree = "<group>"; };
		1F4CF37C3876E1014C96CFED /* Pods-Barter POCTests.release.xcconfig */ = {isa = PBXFileReference; includeInIndex = 1; lastKnownFileType = text.xcconfig; name = "Pods-Barter POCTests.release.xcconfig"; path = "Target Support Files/Pods-Barter POCTests/Pods-Barter POCTests.release.xcconfig"; sourceTree = "<group>"; };
		2F02ED3523E0B72900BD20C6 /* FeedViewController.swift */ = {isa = PBXFileReference; lastKnownFileType = sourcecode.swift; path = FeedViewController.swift; sourceTree = "<group>"; };
		2F02ED3823E0B88B00BD20C6 /* BestRecommendationTableViewCell.swift */ = {isa = PBXFileReference; lastKnownFileType = sourcecode.swift; path = BestRecommendationTableViewCell.swift; sourceTree = "<group>"; };
		2F02ED3A23E0BB6F00BD20C6 /* BestRecommendedItemCollectionViewCell.swift */ = {isa = PBXFileReference; lastKnownFileType = sourcecode.swift; path = BestRecommendedItemCollectionViewCell.swift; sourceTree = "<group>"; };
		2F02ED3C23E0BD7100BD20C6 /* UserSpecialRecommendationsTableViewCell.swift */ = {isa = PBXFileReference; lastKnownFileType = sourcecode.swift; path = UserSpecialRecommendationsTableViewCell.swift; sourceTree = "<group>"; };
		2F063C9A23EFEEAE0086CFE3 /* OpenOffersViewController.swift */ = {isa = PBXFileReference; lastKnownFileType = sourcecode.swift; path = OpenOffersViewController.swift; sourceTree = "<group>"; };
		2F063C9D23EFEF990086CFE3 /* InventoryTableViewCell.swift */ = {isa = PBXFileReference; lastKnownFileType = sourcecode.swift; path = InventoryTableViewCell.swift; sourceTree = "<group>"; };
		2F063C9F23EFF0C60086CFE3 /* ItemCell.swift */ = {isa = PBXFileReference; lastKnownFileType = sourcecode.swift; path = ItemCell.swift; sourceTree = "<group>"; };
		2F36973223DF57EF00B9ED2D /* Barter POC.app */ = {isa = PBXFileReference; explicitFileType = wrapper.application; includeInIndex = 0; path = "Barter POC.app"; sourceTree = BUILT_PRODUCTS_DIR; };
		2F36973523DF57EF00B9ED2D /* AppDelegate.swift */ = {isa = PBXFileReference; lastKnownFileType = sourcecode.swift; path = AppDelegate.swift; sourceTree = "<group>"; };
		2F36973723DF57EF00B9ED2D /* SceneDelegate.swift */ = {isa = PBXFileReference; lastKnownFileType = sourcecode.swift; path = SceneDelegate.swift; sourceTree = "<group>"; };
		2F36973923DF57EF00B9ED2D /* SearchViewController.swift */ = {isa = PBXFileReference; lastKnownFileType = sourcecode.swift; path = SearchViewController.swift; sourceTree = "<group>"; };
		2F36973C23DF57EF00B9ED2D /* Base */ = {isa = PBXFileReference; lastKnownFileType = file.storyboard; name = Base; path = Base.lproj/Main.storyboard; sourceTree = "<group>"; };
		2F36973E23DF57F100B9ED2D /* Assets.xcassets */ = {isa = PBXFileReference; lastKnownFileType = folder.assetcatalog; path = Assets.xcassets; sourceTree = "<group>"; };
		2F36974123DF57F100B9ED2D /* Base */ = {isa = PBXFileReference; lastKnownFileType = file.storyboard; name = Base; path = Base.lproj/LaunchScreen.storyboard; sourceTree = "<group>"; };
		2F36974323DF57F100B9ED2D /* Info.plist */ = {isa = PBXFileReference; lastKnownFileType = text.plist.xml; path = Info.plist; sourceTree = "<group>"; };
		2F36974823DF57F100B9ED2D /* Barter POCTests.xctest */ = {isa = PBXFileReference; explicitFileType = wrapper.cfbundle; includeInIndex = 0; path = "Barter POCTests.xctest"; sourceTree = BUILT_PRODUCTS_DIR; };
		2F36974C23DF57F100B9ED2D /* Barter_POCTests.swift */ = {isa = PBXFileReference; lastKnownFileType = sourcecode.swift; path = Barter_POCTests.swift; sourceTree = "<group>"; };
		2F36974E23DF57F100B9ED2D /* Info.plist */ = {isa = PBXFileReference; lastKnownFileType = text.plist.xml; path = Info.plist; sourceTree = "<group>"; };
		2F36975323DF57F100B9ED2D /* Barter POCUITests.xctest */ = {isa = PBXFileReference; explicitFileType = wrapper.cfbundle; includeInIndex = 0; path = "Barter POCUITests.xctest"; sourceTree = BUILT_PRODUCTS_DIR; };
		2F36975723DF57F100B9ED2D /* Barter_POCUITests.swift */ = {isa = PBXFileReference; lastKnownFileType = sourcecode.swift; path = Barter_POCUITests.swift; sourceTree = "<group>"; };
		2F36975923DF57F100B9ED2D /* Info.plist */ = {isa = PBXFileReference; lastKnownFileType = text.plist.xml; path = Info.plist; sourceTree = "<group>"; };
		2F36976723DF586900B9ED2D /* SearchCollectionViewCell.swift */ = {isa = PBXFileReference; lastKnownFileType = sourcecode.swift; path = SearchCollectionViewCell.swift; sourceTree = "<group>"; };
		2F36976923DF6FBC00B9ED2D /* ItemViewController.swift */ = {isa = PBXFileReference; lastKnownFileType = sourcecode.swift; path = ItemViewController.swift; sourceTree = "<group>"; };
		2F36976C23DF8FC700B9ED2D /* ShadowRoundedImageView.swift */ = {isa = PBXFileReference; lastKnownFileType = sourcecode.swift; path = ShadowRoundedImageView.swift; sourceTree = "<group>"; };
		2F36976E23E0224F00B9ED2D /* GoodLuckViewController.swift */ = {isa = PBXFileReference; lastKnownFileType = sourcecode.swift; path = GoodLuckViewController.swift; sourceTree = "<group>"; };
		2F57170123E40F5400B64FCD /* WinningPickItemViewController.swift */ = {isa = PBXFileReference; lastKnownFileType = sourcecode.swift; path = WinningPickItemViewController.swift; sourceTree = "<group>"; };
		2F64AF7E23F3238D006E6D2A /* OpenOffersPresenter.swift */ = {isa = PBXFileReference; lastKnownFileType = sourcecode.swift; path = OpenOffersPresenter.swift; sourceTree = "<group>"; };
		2F9F103F23ECA4B900159F44 /* MyItemsViewController.swift */ = {isa = PBXFileReference; lastKnownFileType = sourcecode.swift; path = MyItemsViewController.swift; sourceTree = "<group>"; };
		2F9F104223ECA7E200159F44 /* MyItemCollectionViewCell.swift */ = {isa = PBXFileReference; lastKnownFileType = sourcecode.swift; path = MyItemCollectionViewCell.swift; sourceTree = "<group>"; };
		2F9F104423ECB01A00159F44 /* ItemDetailsViewController.swift */ = {isa = PBXFileReference; lastKnownFileType = sourcecode.swift; path = ItemDetailsViewController.swift; sourceTree = "<group>"; };
		2FB1623823E1EDAF00AB0D39 /* AddItemViewController.swift */ = {isa = PBXFileReference; lastKnownFileType = sourcecode.swift; path = AddItemViewController.swift; sourceTree = "<group>"; };
		2FB1623A23E202FC00AB0D39 /* Extensions.swift */ = {isa = PBXFileReference; lastKnownFileType = sourcecode.swift; path = Extensions.swift; sourceTree = "<group>"; };
		2FB1623D23E2094200AB0D39 /* ImageAddingTableViewCell.swift */ = {isa = PBXFileReference; lastKnownFileType = sourcecode.swift; path = ImageAddingTableViewCell.swift; sourceTree = "<group>"; };
		2FB1623F23E2096100AB0D39 /* CategroyAndNameTableViewCell.swift */ = {isa = PBXFileReference; lastKnownFileType = sourcecode.swift; path = CategroyAndNameTableViewCell.swift; sourceTree = "<group>"; };
		2FB1624123E2098500AB0D39 /* AgeDetailsAndAreaTableViewCell.swift */ = {isa = PBXFileReference; lastKnownFileType = sourcecode.swift; path = AgeDetailsAndAreaTableViewCell.swift; sourceTree = "<group>"; };
		2FC8869223EEA41E002D1910 /* MyItemsViewControllerPresenter.swift */ = {isa = PBXFileReference; lastKnownFileType = sourcecode.swift; path = MyItemsViewControllerPresenter.swift; sourceTree = "<group>"; };
		2FC8869423EEA93C002D1910 /* ChooseOneInventoryViewController.swift */ = {isa = PBXFileReference; lastKnownFileType = sourcecode.swift; path = ChooseOneInventoryViewController.swift; sourceTree = "<group>"; };
		2FC8869623EF51F7002D1910 /* Deal.swift */ = {isa = PBXFileReference; lastKnownFileType = sourcecode.swift; path = Deal.swift; sourceTree = "<group>"; };
		2FC8869923EF56E2002D1910 /* EmptyOffersCollectionViewCell.swift */ = {isa = PBXFileReference; lastKnownFileType = sourcecode.swift; path = EmptyOffersCollectionViewCell.swift; sourceTree = "<group>"; };
		2FC8869B23EF56F6002D1910 /* OffersCollectionViewCell.swift */ = {isa = PBXFileReference; lastKnownFileType = sourcecode.swift; path = OffersCollectionViewCell.swift; sourceTree = "<group>"; };
		2FC8869D23EF5862002D1910 /* OfferCell.swift */ = {isa = PBXFileReference; lastKnownFileType = sourcecode.swift; path = OfferCell.swift; sourceTree = "<group>"; };
		2FD364A223E6081A00B1CB00 /* SpinnerViewController.swift */ = {isa = PBXFileReference; lastKnownFileType = sourcecode.swift; path = SpinnerViewController.swift; sourceTree = "<group>"; };
		2FDBCE8B23E61E400061A01D /* BeforeSearchCollectionViewCell.swift */ = {isa = PBXFileReference; lastKnownFileType = sourcecode.swift; path = BeforeSearchCollectionViewCell.swift; sourceTree = "<group>"; };
		2FDDA93923E56E3100C42AC3 /* Item.swift */ = {isa = PBXFileReference; lastKnownFileType = sourcecode.swift; path = Item.swift; sourceTree = "<group>"; };
		2FDE7F4D23E0CE0B008836FC /* UserSpecialRecommendationCollectionViewCell.swift */ = {isa = PBXFileReference; lastKnownFileType = sourcecode.swift; path = UserSpecialRecommendationCollectionViewCell.swift; sourceTree = "<group>"; };
		2FE4BD0C23E5ED4400A76152 /* SearchPresenter.swift */ = {isa = PBXFileReference; lastKnownFileType = sourcecode.swift; path = SearchPresenter.swift; sourceTree = "<group>"; };
		2FE5937123E5943400FBCB94 /* BestRecommendationsPresenter.swift */ = {isa = PBXFileReference; lastKnownFileType = sourcecode.swift; path = BestRecommendationsPresenter.swift; sourceTree = "<group>"; };
		2FE5937323E5966000FBCB94 /* MockFactory.swift */ = {isa = PBXFileReference; lastKnownFileType = sourcecode.swift; path = MockFactory.swift; sourceTree = "<group>"; };
		2FE5937623E59C4B00FBCB94 /* Category.swift */ = {isa = PBXFileReference; lastKnownFileType = sourcecode.swift; path = Category.swift; sourceTree = "<group>"; };
		2FE5937823E59CBB00FBCB94 /* FeedPresenter.swift */ = {isa = PBXFileReference; lastKnownFileType = sourcecode.swift; path = FeedPresenter.swift; sourceTree = "<group>"; };
		2FE5937A23E5A29000FBCB94 /* UserSpecialRecommendationPresenter.swift */ = {isa = PBXFileReference; lastKnownFileType = sourcecode.swift; path = UserSpecialRecommendationPresenter.swift; sourceTree = "<group>"; };
		43A2A052FA0CB5EB91519CD3 /* Pods-Barter POCUITests.release.xcconfig */ = {isa = PBXFileReference; includeInIndex = 1; lastKnownFileType = text.xcconfig; name = "Pods-Barter POCUITests.release.xcconfig"; path = "Target Support Files/Pods-Barter POCUITests/Pods-Barter POCUITests.release.xcconfig"; sourceTree = "<group>"; };
		5BF29098D58664F38225308F /* libPods-Barter POCUITests.a */ = {isa = PBXFileReference; explicitFileType = archive.ar; includeInIndex = 0; path = "libPods-Barter POCUITests.a"; sourceTree = BUILT_PRODUCTS_DIR; };
		7727850434E0E2108737459C /* libPods-Barter POCTests.a */ = {isa = PBXFileReference; explicitFileType = archive.ar; includeInIndex = 0; path = "libPods-Barter POCTests.a"; sourceTree = BUILT_PRODUCTS_DIR; };
		7EB48E819467CDC855A2B47C /* Pods-Barter POCUITests.debug.xcconfig */ = {isa = PBXFileReference; includeInIndex = 1; lastKnownFileType = text.xcconfig; name = "Pods-Barter POCUITests.debug.xcconfig"; path = "Target Support Files/Pods-Barter POCUITests/Pods-Barter POCUITests.debug.xcconfig"; sourceTree = "<group>"; };
		A0634F7A388FEC29AE6AAAAE /* Pods-Barter POC.release.xcconfig */ = {isa = PBXFileReference; includeInIndex = 1; lastKnownFileType = text.xcconfig; name = "Pods-Barter POC.release.xcconfig"; path = "Target Support Files/Pods-Barter POC/Pods-Barter POC.release.xcconfig"; sourceTree = "<group>"; };
/* End PBXFileReference section */

/* Begin PBXFrameworksBuildPhase section */
		2F36972F23DF57EF00B9ED2D /* Frameworks */ = {
			isa = PBXFrameworksBuildPhase;
			buildActionMask = 2147483647;
			files = (
				D0A62D8A8D7627570ABE2672 /* libPods-Barter POC.a in Frameworks */,
			);
			runOnlyForDeploymentPostprocessing = 0;
		};
		2F36974523DF57F100B9ED2D /* Frameworks */ = {
			isa = PBXFrameworksBuildPhase;
			buildActionMask = 2147483647;
			files = (
				02665EA61536B1113639060A /* libPods-Barter POCTests.a in Frameworks */,
			);
			runOnlyForDeploymentPostprocessing = 0;
		};
		2F36975023DF57F100B9ED2D /* Frameworks */ = {
			isa = PBXFrameworksBuildPhase;
			buildActionMask = 2147483647;
			files = (
				D9AC7FEDB4460291D4F7FEA2 /* libPods-Barter POCUITests.a in Frameworks */,
			);
			runOnlyForDeploymentPostprocessing = 0;
		};
/* End PBXFrameworksBuildPhase section */

/* Begin PBXGroup section */
		2F02ED3423E0B6DC00BD20C6 /* Feed */ = {
			isa = PBXGroup;
			children = (
				2F02ED3523E0B72900BD20C6 /* FeedViewController.swift */,
				2FE5937823E59CBB00FBCB94 /* FeedPresenter.swift */,
				2FE5937523E59C3D00FBCB94 /* Models */,
				2F02ED3723E0B85100BD20C6 /* Cells */,
			);
			path = Feed;
			sourceTree = "<group>";
		};
		2F02ED3723E0B85100BD20C6 /* Cells */ = {
			isa = PBXGroup;
			children = (
				2FE5937023E593DD00FBCB94 /* BestReccomendations */,
				2FE5936F23E593CB00FBCB94 /* UserSpecialReccomendations */,
			);
			path = Cells;
			sourceTree = "<group>";
		};
		2F063C9923EFEE920086CFE3 /* OpenOffers */ = {
			isa = PBXGroup;
			children = (
				2F063C9A23EFEEAE0086CFE3 /* OpenOffersViewController.swift */,
				2F063C9C23EFEF830086CFE3 /* Cells */,
				2F64AF7E23F3238D006E6D2A /* OpenOffersPresenter.swift */,
			);
			path = OpenOffers;
			sourceTree = "<group>";
		};
		2F063C9C23EFEF830086CFE3 /* Cells */ = {
			isa = PBXGroup;
			children = (
				2F063C9D23EFEF990086CFE3 /* InventoryTableViewCell.swift */,
				2F063C9F23EFF0C60086CFE3 /* ItemCell.swift */,
			);
			path = Cells;
			sourceTree = "<group>";
		};
		2F36972923DF57EF00B9ED2D = {
			isa = PBXGroup;
			children = (
				2F36973423DF57EF00B9ED2D /* Barter POC */,
				2F36974B23DF57F100B9ED2D /* Barter POCTests */,
				2F36975623DF57F100B9ED2D /* Barter POCUITests */,
				2F36973323DF57EF00B9ED2D /* Products */,
				5688E5F679F245B90F606853 /* Pods */,
				6C9D769D53079C5A22C909A0 /* Frameworks */,
			);
			sourceTree = "<group>";
		};
		2F36973323DF57EF00B9ED2D /* Products */ = {
			isa = PBXGroup;
			children = (
				2F36973223DF57EF00B9ED2D /* Barter POC.app */,
				2F36974823DF57F100B9ED2D /* Barter POCTests.xctest */,
				2F36975323DF57F100B9ED2D /* Barter POCUITests.xctest */,
			);
			name = Products;
			sourceTree = "<group>";
		};
		2F36973423DF57EF00B9ED2D /* Barter POC */ = {
			isa = PBXGroup;
			children = (
				2F36973523DF57EF00B9ED2D /* AppDelegate.swift */,
				2F36976E23E0224F00B9ED2D /* GoodLuckViewController.swift */,
				2F36976923DF6FBC00B9ED2D /* ItemViewController.swift */,
				2FE5936E23E5930C00FBCB94 /* MockDetails */,
				2FDDA93623E56DB100C42AC3 /* SharedModels */,
				2F063C9923EFEE920086CFE3 /* OpenOffers */,
				2F9F103E23ECA49F00159F44 /* MyItems */,
				2F57170023E40F3500B64FCD /* WinningPIckItem */,
				2FB1623723E1ED8E00AB0D39 /* AddItem */,
				2F02ED3423E0B6DC00BD20C6 /* Feed */,
				2F36976523DF585200B9ED2D /* Search */,
				2F36976B23DF8F9A00B9ED2D /* CustomClasses */,
				2F36973723DF57EF00B9ED2D /* SceneDelegate.swift */,
				2F36973B23DF57EF00B9ED2D /* Main.storyboard */,
				2F36973E23DF57F100B9ED2D /* Assets.xcassets */,
				2F36974023DF57F100B9ED2D /* LaunchScreen.storyboard */,
				2F36974323DF57F100B9ED2D /* Info.plist */,
				2FB1623A23E202FC00AB0D39 /* Extensions.swift */,
			);
			path = "Barter POC";
			sourceTree = "<group>";
		};
		2F36974B23DF57F100B9ED2D /* Barter POCTests */ = {
			isa = PBXGroup;
			children = (
				2F36974C23DF57F100B9ED2D /* Barter_POCTests.swift */,
				2F36974E23DF57F100B9ED2D /* Info.plist */,
			);
			path = "Barter POCTests";
			sourceTree = "<group>";
		};
		2F36975623DF57F100B9ED2D /* Barter POCUITests */ = {
			isa = PBXGroup;
			children = (
				2F36975723DF57F100B9ED2D /* Barter_POCUITests.swift */,
				2F36975923DF57F100B9ED2D /* Info.plist */,
			);
			path = "Barter POCUITests";
			sourceTree = "<group>";
		};
		2F36976523DF585200B9ED2D /* Search */ = {
			isa = PBXGroup;
			children = (
				2F36973923DF57EF00B9ED2D /* SearchViewController.swift */,
				2FE4BD0C23E5ED4400A76152 /* SearchPresenter.swift */,
				2F36976623DF585900B9ED2D /* Cells */,
			);
			path = Search;
			sourceTree = "<group>";
		};
		2F36976623DF585900B9ED2D /* Cells */ = {
			isa = PBXGroup;
			children = (
				2FDBCE8B23E61E400061A01D /* BeforeSearchCollectionViewCell.swift */,
				2F36976723DF586900B9ED2D /* SearchCollectionViewCell.swift */,
			);
			path = Cells;
			sourceTree = "<group>";
		};
		2F36976B23DF8F9A00B9ED2D /* CustomClasses */ = {
			isa = PBXGroup;
			children = (
				2F36976C23DF8FC700B9ED2D /* ShadowRoundedImageView.swift */,
				2FD364A223E6081A00B1CB00 /* SpinnerViewController.swift */,
			);
			path = CustomClasses;
			sourceTree = "<group>";
		};
		2F57170023E40F3500B64FCD /* WinningPIckItem */ = {
			isa = PBXGroup;
			children = (
				2F57170123E40F5400B64FCD /* WinningPickItemViewController.swift */,
				2FC8869423EEA93C002D1910 /* ChooseOneInventoryViewController.swift */,
				2FC8869823EF56BC002D1910 /* Cells */,
			);
			path = WinningPIckItem;
			sourceTree = "<group>";
		};
		2F9F103E23ECA49F00159F44 /* MyItems */ = {
			isa = PBXGroup;
			children = (
				2F9F103F23ECA4B900159F44 /* MyItemsViewController.swift */,
				2F9F104423ECB01A00159F44 /* ItemDetailsViewController.swift */,
				2FC8869223EEA41E002D1910 /* MyItemsViewControllerPresenter.swift */,
				2F9F104123ECA7D300159F44 /* Cells */,
			);
			path = MyItems;
			sourceTree = "<group>";
		};
		2F9F104123ECA7D300159F44 /* Cells */ = {
			isa = PBXGroup;
			children = (
				2F9F104223ECA7E200159F44 /* MyItemCollectionViewCell.swift */,
			);
			path = Cells;
			sourceTree = "<group>";
		};
		2FB1623723E1ED8E00AB0D39 /* AddItem */ = {
			isa = PBXGroup;
			children = (
				2FB1623823E1EDAF00AB0D39 /* AddItemViewController.swift */,
				2FB1623C23E2092100AB0D39 /* Cells */,
			);
			path = AddItem;
			sourceTree = "<group>";
		};
		2FB1623C23E2092100AB0D39 /* Cells */ = {
			isa = PBXGroup;
			children = (
				2FB1623D23E2094200AB0D39 /* ImageAddingTableViewCell.swift */,
				2FB1623F23E2096100AB0D39 /* CategroyAndNameTableViewCell.swift */,
				2FB1624123E2098500AB0D39 /* AgeDetailsAndAreaTableViewCell.swift */,
			);
			path = Cells;
			sourceTree = "<group>";
		};
		2FC8869823EF56BC002D1910 /* Cells */ = {
			isa = PBXGroup;
			children = (
				2FC8869923EF56E2002D1910 /* EmptyOffersCollectionViewCell.swift */,
				2FC8869B23EF56F6002D1910 /* OffersCollectionViewCell.swift */,
				2FC8869D23EF5862002D1910 /* OfferCell.swift */,
			);
			path = Cells;
			sourceTree = "<group>";
		};
		2FDDA93623E56DB100C42AC3 /* SharedModels */ = {
			isa = PBXGroup;
			children = (
				2FDDA93923E56E3100C42AC3 /* Item.swift */,
				2FC8869623EF51F7002D1910 /* Deal.swift */,
			);
			path = SharedModels;
			sourceTree = "<group>";
		};
		2FE5936E23E5930C00FBCB94 /* MockDetails */ = {
			isa = PBXGroup;
			children = (
				2FE5937323E5966000FBCB94 /* MockFactory.swift */,
			);
			path = MockDetails;
			sourceTree = "<group>";
		};
		2FE5936F23E593CB00FBCB94 /* UserSpecialReccomendations */ = {
			isa = PBXGroup;
			children = (
				2F02ED3C23E0BD7100BD20C6 /* UserSpecialRecommendationsTableViewCell.swift */,
				2FDE7F4D23E0CE0B008836FC /* UserSpecialRecommendationCollectionViewCell.swift */,
				2FE5937A23E5A29000FBCB94 /* UserSpecialRecommendationPresenter.swift */,
			);
			path = UserSpecialReccomendations;
			sourceTree = "<group>";
		};
		2FE5937023E593DD00FBCB94 /* BestReccomendations */ = {
			isa = PBXGroup;
			children = (
				2F02ED3823E0B88B00BD20C6 /* BestRecommendationTableViewCell.swift */,
				2F02ED3A23E0BB6F00BD20C6 /* BestRecommendedItemCollectionViewCell.swift */,
				2FE5937123E5943400FBCB94 /* BestRecommendationsPresenter.swift */,
			);
			path = BestReccomendations;
			sourceTree = "<group>";
		};
		2FE5937523E59C3D00FBCB94 /* Models */ = {
			isa = PBXGroup;
			children = (
				2FE5937623E59C4B00FBCB94 /* Category.swift */,
			);
			path = Models;
			sourceTree = "<group>";
		};
		5688E5F679F245B90F606853 /* Pods */ = {
			isa = PBXGroup;
			children = (
				1E9B4805902E57F25B44B996 /* Pods-Barter POC.debug.xcconfig */,
				A0634F7A388FEC29AE6AAAAE /* Pods-Barter POC.release.xcconfig */,
				173C99CD853C095D70BDA431 /* Pods-Barter POCTests.debug.xcconfig */,
				1F4CF37C3876E1014C96CFED /* Pods-Barter POCTests.release.xcconfig */,
				7EB48E819467CDC855A2B47C /* Pods-Barter POCUITests.debug.xcconfig */,
				43A2A052FA0CB5EB91519CD3 /* Pods-Barter POCUITests.release.xcconfig */,
			);
			path = Pods;
			sourceTree = "<group>";
		};
		6C9D769D53079C5A22C909A0 /* Frameworks */ = {
			isa = PBXGroup;
			children = (
				0BF1A8072A9099B405AA3E2C /* libPods-Barter POC.a */,
				7727850434E0E2108737459C /* libPods-Barter POCTests.a */,
				5BF29098D58664F38225308F /* libPods-Barter POCUITests.a */,
			);
			name = Frameworks;
			sourceTree = "<group>";
		};
/* End PBXGroup section */

/* Begin PBXNativeTarget section */
		2F36973123DF57EF00B9ED2D /* Barter POC */ = {
			isa = PBXNativeTarget;
			buildConfigurationList = 2F36975C23DF57F100B9ED2D /* Build configuration list for PBXNativeTarget "Barter POC" */;
			buildPhases = (
				8A846D023601375BDCABC65A /* [CP] Check Pods Manifest.lock */,
				2F36972E23DF57EF00B9ED2D /* Sources */,
				2F36972F23DF57EF00B9ED2D /* Frameworks */,
				2F36973023DF57EF00B9ED2D /* Resources */,
				D3D0A69F9FF508434B3AC793 /* [CP] Copy Pods Resources */,
			);
			buildRules = (
			);
			dependencies = (
			);
			name = "Barter POC";
			productName = "Barter POC";
			productReference = 2F36973223DF57EF00B9ED2D /* Barter POC.app */;
			productType = "com.apple.product-type.application";
		};
		2F36974723DF57F100B9ED2D /* Barter POCTests */ = {
			isa = PBXNativeTarget;
			buildConfigurationList = 2F36975F23DF57F100B9ED2D /* Build configuration list for PBXNativeTarget "Barter POCTests" */;
			buildPhases = (
				1EC84E2EADEC265E3D4F0739 /* [CP] Check Pods Manifest.lock */,
				2F36974423DF57F100B9ED2D /* Sources */,
				2F36974523DF57F100B9ED2D /* Frameworks */,
				2F36974623DF57F100B9ED2D /* Resources */,
			);
			buildRules = (
			);
			dependencies = (
				2F36974A23DF57F100B9ED2D /* PBXTargetDependency */,
			);
			name = "Barter POCTests";
			productName = "Barter POCTests";
			productReference = 2F36974823DF57F100B9ED2D /* Barter POCTests.xctest */;
			productType = "com.apple.product-type.bundle.unit-test";
		};
		2F36975223DF57F100B9ED2D /* Barter POCUITests */ = {
			isa = PBXNativeTarget;
			buildConfigurationList = 2F36976223DF57F100B9ED2D /* Build configuration list for PBXNativeTarget "Barter POCUITests" */;
			buildPhases = (
				596DDAC44AA46BA7AAEF3E23 /* [CP] Check Pods Manifest.lock */,
				2F36974F23DF57F100B9ED2D /* Sources */,
				2F36975023DF57F100B9ED2D /* Frameworks */,
				2F36975123DF57F100B9ED2D /* Resources */,
			);
			buildRules = (
			);
			dependencies = (
				2F36975523DF57F100B9ED2D /* PBXTargetDependency */,
			);
			name = "Barter POCUITests";
			productName = "Barter POCUITests";
			productReference = 2F36975323DF57F100B9ED2D /* Barter POCUITests.xctest */;
			productType = "com.apple.product-type.bundle.ui-testing";
		};
/* End PBXNativeTarget section */

/* Begin PBXProject section */
		2F36972A23DF57EF00B9ED2D /* Project object */ = {
			isa = PBXProject;
			attributes = {
				LastSwiftUpdateCheck = 1130;
				LastUpgradeCheck = 1130;
				ORGANIZATIONNAME = "Omer Derazon";
				TargetAttributes = {
					2F36973123DF57EF00B9ED2D = {
						CreatedOnToolsVersion = 11.3.1;
					};
					2F36974723DF57F100B9ED2D = {
						CreatedOnToolsVersion = 11.3.1;
						TestTargetID = 2F36973123DF57EF00B9ED2D;
					};
					2F36975223DF57F100B9ED2D = {
						CreatedOnToolsVersion = 11.3.1;
						TestTargetID = 2F36973123DF57EF00B9ED2D;
					};
				};
			};
			buildConfigurationList = 2F36972D23DF57EF00B9ED2D /* Build configuration list for PBXProject "Barter POC" */;
			compatibilityVersion = "Xcode 9.3";
			developmentRegion = en;
			hasScannedForEncodings = 0;
			knownRegions = (
				en,
				Base,
			);
			mainGroup = 2F36972923DF57EF00B9ED2D;
			productRefGroup = 2F36973323DF57EF00B9ED2D /* Products */;
			projectDirPath = "";
			projectRoot = "";
			targets = (
				2F36973123DF57EF00B9ED2D /* Barter POC */,
				2F36974723DF57F100B9ED2D /* Barter POCTests */,
				2F36975223DF57F100B9ED2D /* Barter POCUITests */,
			);
		};
/* End PBXProject section */

/* Begin PBXResourcesBuildPhase section */
		2F36973023DF57EF00B9ED2D /* Resources */ = {
			isa = PBXResourcesBuildPhase;
			buildActionMask = 2147483647;
			files = (
				2F36974223DF57F100B9ED2D /* LaunchScreen.storyboard in Resources */,
				2F36973F23DF57F100B9ED2D /* Assets.xcassets in Resources */,
				2F36973D23DF57EF00B9ED2D /* Main.storyboard in Resources */,
			);
			runOnlyForDeploymentPostprocessing = 0;
		};
		2F36974623DF57F100B9ED2D /* Resources */ = {
			isa = PBXResourcesBuildPhase;
			buildActionMask = 2147483647;
			files = (
			);
			runOnlyForDeploymentPostprocessing = 0;
		};
		2F36975123DF57F100B9ED2D /* Resources */ = {
			isa = PBXResourcesBuildPhase;
			buildActionMask = 2147483647;
			files = (
			);
			runOnlyForDeploymentPostprocessing = 0;
		};
/* End PBXResourcesBuildPhase section */

/* Begin PBXShellScriptBuildPhase section */
		1EC84E2EADEC265E3D4F0739 /* [CP] Check Pods Manifest.lock */ = {
			isa = PBXShellScriptBuildPhase;
			buildActionMask = 2147483647;
			files = (
			);
			inputFileListPaths = (
			);
			inputPaths = (
				"${PODS_PODFILE_DIR_PATH}/Podfile.lock",
				"${PODS_ROOT}/Manifest.lock",
			);
			name = "[CP] Check Pods Manifest.lock";
			outputFileListPaths = (
			);
			outputPaths = (
				"$(DERIVED_FILE_DIR)/Pods-Barter POCTests-checkManifestLockResult.txt",
			);
			runOnlyForDeploymentPostprocessing = 0;
			shellPath = /bin/sh;
			shellScript = "diff \"${PODS_PODFILE_DIR_PATH}/Podfile.lock\" \"${PODS_ROOT}/Manifest.lock\" > /dev/null\nif [ $? != 0 ] ; then\n    # print error to STDERR\n    echo \"error: The sandbox is not in sync with the Podfile.lock. Run 'pod install' or update your CocoaPods installation.\" >&2\n    exit 1\nfi\n# This output is used by Xcode 'outputs' to avoid re-running this script phase.\necho \"SUCCESS\" > \"${SCRIPT_OUTPUT_FILE_0}\"\n";
			showEnvVarsInLog = 0;
		};
		596DDAC44AA46BA7AAEF3E23 /* [CP] Check Pods Manifest.lock */ = {
			isa = PBXShellScriptBuildPhase;
			buildActionMask = 2147483647;
			files = (
			);
			inputFileListPaths = (
			);
			inputPaths = (
				"${PODS_PODFILE_DIR_PATH}/Podfile.lock",
				"${PODS_ROOT}/Manifest.lock",
			);
			name = "[CP] Check Pods Manifest.lock";
			outputFileListPaths = (
			);
			outputPaths = (
				"$(DERIVED_FILE_DIR)/Pods-Barter POCUITests-checkManifestLockResult.txt",
			);
			runOnlyForDeploymentPostprocessing = 0;
			shellPath = /bin/sh;
			shellScript = "diff \"${PODS_PODFILE_DIR_PATH}/Podfile.lock\" \"${PODS_ROOT}/Manifest.lock\" > /dev/null\nif [ $? != 0 ] ; then\n    # print error to STDERR\n    echo \"error: The sandbox is not in sync with the Podfile.lock. Run 'pod install' or update your CocoaPods installation.\" >&2\n    exit 1\nfi\n# This output is used by Xcode 'outputs' to avoid re-running this script phase.\necho \"SUCCESS\" > \"${SCRIPT_OUTPUT_FILE_0}\"\n";
			showEnvVarsInLog = 0;
		};
		8A846D023601375BDCABC65A /* [CP] Check Pods Manifest.lock */ = {
			isa = PBXShellScriptBuildPhase;
			buildActionMask = 2147483647;
			files = (
			);
			inputFileListPaths = (
			);
			inputPaths = (
				"${PODS_PODFILE_DIR_PATH}/Podfile.lock",
				"${PODS_ROOT}/Manifest.lock",
			);
			name = "[CP] Check Pods Manifest.lock";
			outputFileListPaths = (
			);
			outputPaths = (
				"$(DERIVED_FILE_DIR)/Pods-Barter POC-checkManifestLockResult.txt",
			);
			runOnlyForDeploymentPostprocessing = 0;
			shellPath = /bin/sh;
			shellScript = "diff \"${PODS_PODFILE_DIR_PATH}/Podfile.lock\" \"${PODS_ROOT}/Manifest.lock\" > /dev/null\nif [ $? != 0 ] ; then\n    # print error to STDERR\n    echo \"error: The sandbox is not in sync with the Podfile.lock. Run 'pod install' or update your CocoaPods installation.\" >&2\n    exit 1\nfi\n# This output is used by Xcode 'outputs' to avoid re-running this script phase.\necho \"SUCCESS\" > \"${SCRIPT_OUTPUT_FILE_0}\"\n";
			showEnvVarsInLog = 0;
		};
		D3D0A69F9FF508434B3AC793 /* [CP] Copy Pods Resources */ = {
			isa = PBXShellScriptBuildPhase;
			buildActionMask = 2147483647;
			files = (
			);
			inputFileListPaths = (
				"${PODS_ROOT}/Target Support Files/Pods-Barter POC/Pods-Barter POC-resources-${CONFIGURATION}-input-files.xcfilelist",
			);
			name = "[CP] Copy Pods Resources";
			outputFileListPaths = (
				"${PODS_ROOT}/Target Support Files/Pods-Barter POC/Pods-Barter POC-resources-${CONFIGURATION}-output-files.xcfilelist",
			);
			runOnlyForDeploymentPostprocessing = 0;
			shellPath = /bin/sh;
			shellScript = "\"${PODS_ROOT}/Target Support Files/Pods-Barter POC/Pods-Barter POC-resources.sh\"\n";
			showEnvVarsInLog = 0;
		};
/* End PBXShellScriptBuildPhase section */

/* Begin PBXSourcesBuildPhase section */
		2F36972E23DF57EF00B9ED2D /* Sources */ = {
			isa = PBXSourcesBuildPhase;
			buildActionMask = 2147483647;
			files = (
				2FDE7F4E23E0CE0B008836FC /* UserSpecialRecommendationCollectionViewCell.swift in Sources */,
				2F36976A23DF6FBC00B9ED2D /* ItemViewController.swift in Sources */,
				2F9F104523ECB01A00159F44 /* ItemDetailsViewController.swift in Sources */,
				2F64AF7F23F3238D006E6D2A /* OpenOffersPresenter.swift in Sources */,
				2F36973A23DF57EF00B9ED2D /* SearchViewController.swift in Sources */,
				2FE5937923E59CBB00FBCB94 /* FeedPresenter.swift in Sources */,
				2F36973623DF57EF00B9ED2D /* AppDelegate.swift in Sources */,
				2F36976F23E0224F00B9ED2D /* GoodLuckViewController.swift in Sources */,
				2F063C9E23EFEF990086CFE3 /* InventoryTableViewCell.swift in Sources */,
				2F57170223E40F5400B64FCD /* WinningPickItemViewController.swift in Sources */,
				2FC8869E23EF5862002D1910 /* OfferCell.swift in Sources */,
				2FE4BD0D23E5ED4400A76152 /* SearchPresenter.swift in Sources */,
				2FB1623E23E2094200AB0D39 /* ImageAddingTableViewCell.swift in Sources */,
				2FE5937B23E5A29000FBCB94 /* UserSpecialRecommendationPresenter.swift in Sources */,
				2FE5937223E5943400FBCB94 /* BestRecommendationsPresenter.swift in Sources */,
				2FB1623923E1EDAF00AB0D39 /* AddItemViewController.swift in Sources */,
				2FDBCE8C23E61E400061A01D /* BeforeSearchCollectionViewCell.swift in Sources */,
				2FC8869323EEA41E002D1910 /* MyItemsViewControllerPresenter.swift in Sources */,
				2F9F104023ECA4B900159F44 /* MyItemsViewController.swift in Sources */,
				2F36976823DF586900B9ED2D /* SearchCollectionViewCell.swift in Sources */,
				2FC8869523EEA93C002D1910 /* ChooseOneInventoryViewController.swift in Sources */,
				2F02ED3B23E0BB6F00BD20C6 /* BestRecommendedItemCollectionViewCell.swift in Sources */,
				2FC8869C23EF56F6002D1910 /* OffersCollectionViewCell.swift in Sources */,
				2F36976D23DF8FC700B9ED2D /* ShadowRoundedImageView.swift in Sources */,
				2F02ED3623E0B72900BD20C6 /* FeedViewController.swift in Sources */,
				2FD364A323E6081A00B1CB00 /* SpinnerViewController.swift in Sources */,
				2FB1624023E2096100AB0D39 /* CategroyAndNameTableViewCell.swift in Sources */,
				2F063CA023EFF0C60086CFE3 /* ItemCell.swift in Sources */,
				2F063C9B23EFEEAE0086CFE3 /* OpenOffersViewController.swift in Sources */,
				2F02ED3923E0B88B00BD20C6 /* BestRecommendationTableViewCell.swift in Sources */,
				2FC8869723EF51F7002D1910 /* Deal.swift in Sources */,
				2FDDA93A23E56E3100C42AC3 /* Item.swift in Sources */,
				2FB1624223E2098500AB0D39 /* AgeDetailsAndAreaTableViewCell.swift in Sources */,
				2FC8869A23EF56E2002D1910 /* EmptyOffersCollectionViewCell.swift in Sources */,
				2F36973823DF57EF00B9ED2D /* SceneDelegate.swift in Sources */,
				2F02ED3D23E0BD7100BD20C6 /* UserSpecialRecommendationsTableViewCell.swift in Sources */,
				2F9F104323ECA7E200159F44 /* MyItemCollectionViewCell.swift in Sources */,
				2FB1623B23E202FC00AB0D39 /* Extensions.swift in Sources */,
				2FE5937423E5966000FBCB94 /* MockFactory.swift in Sources */,
				2FE5937723E59C4B00FBCB94 /* Category.swift in Sources */,
			);
			runOnlyForDeploymentPostprocessing = 0;
		};
		2F36974423DF57F100B9ED2D /* Sources */ = {
			isa = PBXSourcesBuildPhase;
			buildActionMask = 2147483647;
			files = (
				2F36974D23DF57F100B9ED2D /* Barter_POCTests.swift in Sources */,
			);
			runOnlyForDeploymentPostprocessing = 0;
		};
		2F36974F23DF57F100B9ED2D /* Sources */ = {
			isa = PBXSourcesBuildPhase;
			buildActionMask = 2147483647;
			files = (
				2F36975823DF57F100B9ED2D /* Barter_POCUITests.swift in Sources */,
			);
			runOnlyForDeploymentPostprocessing = 0;
		};
/* End PBXSourcesBuildPhase section */

/* Begin PBXTargetDependency section */
		2F36974A23DF57F100B9ED2D /* PBXTargetDependency */ = {
			isa = PBXTargetDependency;
			target = 2F36973123DF57EF00B9ED2D /* Barter POC */;
			targetProxy = 2F36974923DF57F100B9ED2D /* PBXContainerItemProxy */;
		};
		2F36975523DF57F100B9ED2D /* PBXTargetDependency */ = {
			isa = PBXTargetDependency;
			target = 2F36973123DF57EF00B9ED2D /* Barter POC */;
			targetProxy = 2F36975423DF57F100B9ED2D /* PBXContainerItemProxy */;
		};
/* End PBXTargetDependency section */

/* Begin PBXVariantGroup section */
		2F36973B23DF57EF00B9ED2D /* Main.storyboard */ = {
			isa = PBXVariantGroup;
			children = (
				2F36973C23DF57EF00B9ED2D /* Base */,
			);
			name = Main.storyboard;
			sourceTree = "<group>";
		};
		2F36974023DF57F100B9ED2D /* LaunchScreen.storyboard */ = {
			isa = PBXVariantGroup;
			children = (
				2F36974123DF57F100B9ED2D /* Base */,
			);
			name = LaunchScreen.storyboard;
			sourceTree = "<group>";
		};
/* End PBXVariantGroup section */

/* Begin XCBuildConfiguration section */
		2F36975A23DF57F100B9ED2D /* Debug */ = {
			isa = XCBuildConfiguration;
			buildSettings = {
				ALWAYS_SEARCH_USER_PATHS = NO;
				CLANG_ANALYZER_NONNULL = YES;
				CLANG_ANALYZER_NUMBER_OBJECT_CONVERSION = YES_AGGRESSIVE;
				CLANG_CXX_LANGUAGE_STANDARD = "gnu++14";
				CLANG_CXX_LIBRARY = "libc++";
				CLANG_ENABLE_MODULES = YES;
				CLANG_ENABLE_OBJC_ARC = YES;
				CLANG_ENABLE_OBJC_WEAK = YES;
				CLANG_WARN_BLOCK_CAPTURE_AUTORELEASING = YES;
				CLANG_WARN_BOOL_CONVERSION = YES;
				CLANG_WARN_COMMA = YES;
				CLANG_WARN_CONSTANT_CONVERSION = YES;
				CLANG_WARN_DEPRECATED_OBJC_IMPLEMENTATIONS = YES;
				CLANG_WARN_DIRECT_OBJC_ISA_USAGE = YES_ERROR;
				CLANG_WARN_DOCUMENTATION_COMMENTS = YES;
				CLANG_WARN_EMPTY_BODY = YES;
				CLANG_WARN_ENUM_CONVERSION = YES;
				CLANG_WARN_INFINITE_RECURSION = YES;
				CLANG_WARN_INT_CONVERSION = YES;
				CLANG_WARN_NON_LITERAL_NULL_CONVERSION = YES;
				CLANG_WARN_OBJC_IMPLICIT_RETAIN_SELF = YES;
				CLANG_WARN_OBJC_LITERAL_CONVERSION = YES;
				CLANG_WARN_OBJC_ROOT_CLASS = YES_ERROR;
				CLANG_WARN_RANGE_LOOP_ANALYSIS = YES;
				CLANG_WARN_STRICT_PROTOTYPES = YES;
				CLANG_WARN_SUSPICIOUS_MOVE = YES;
				CLANG_WARN_UNGUARDED_AVAILABILITY = YES_AGGRESSIVE;
				CLANG_WARN_UNREACHABLE_CODE = YES;
				CLANG_WARN__DUPLICATE_METHOD_MATCH = YES;
				COPY_PHASE_STRIP = NO;
				DEBUG_INFORMATION_FORMAT = dwarf;
				ENABLE_STRICT_OBJC_MSGSEND = YES;
				ENABLE_TESTABILITY = YES;
				GCC_C_LANGUAGE_STANDARD = gnu11;
				GCC_DYNAMIC_NO_PIC = NO;
				GCC_NO_COMMON_BLOCKS = YES;
				GCC_OPTIMIZATION_LEVEL = 0;
				GCC_PREPROCESSOR_DEFINITIONS = (
					"DEBUG=1",
					"$(inherited)",
				);
				GCC_WARN_64_TO_32_BIT_CONVERSION = YES;
				GCC_WARN_ABOUT_RETURN_TYPE = YES_ERROR;
				GCC_WARN_UNDECLARED_SELECTOR = YES;
				GCC_WARN_UNINITIALIZED_AUTOS = YES_AGGRESSIVE;
				GCC_WARN_UNUSED_FUNCTION = YES;
				GCC_WARN_UNUSED_VARIABLE = YES;
				IPHONEOS_DEPLOYMENT_TARGET = 13.2;
				MTL_ENABLE_DEBUG_INFO = INCLUDE_SOURCE;
				MTL_FAST_MATH = YES;
				ONLY_ACTIVE_ARCH = YES;
				SDKROOT = iphoneos;
				SWIFT_ACTIVE_COMPILATION_CONDITIONS = DEBUG;
				SWIFT_OPTIMIZATION_LEVEL = "-Onone";
			};
			name = Debug;
		};
		2F36975B23DF57F100B9ED2D /* Release */ = {
			isa = XCBuildConfiguration;
			buildSettings = {
				ALWAYS_SEARCH_USER_PATHS = NO;
				CLANG_ANALYZER_NONNULL = YES;
				CLANG_ANALYZER_NUMBER_OBJECT_CONVERSION = YES_AGGRESSIVE;
				CLANG_CXX_LANGUAGE_STANDARD = "gnu++14";
				CLANG_CXX_LIBRARY = "libc++";
				CLANG_ENABLE_MODULES = YES;
				CLANG_ENABLE_OBJC_ARC = YES;
				CLANG_ENABLE_OBJC_WEAK = YES;
				CLANG_WARN_BLOCK_CAPTURE_AUTORELEASING = YES;
				CLANG_WARN_BOOL_CONVERSION = YES;
				CLANG_WARN_COMMA = YES;
				CLANG_WARN_CONSTANT_CONVERSION = YES;
				CLANG_WARN_DEPRECATED_OBJC_IMPLEMENTATIONS = YES;
				CLANG_WARN_DIRECT_OBJC_ISA_USAGE = YES_ERROR;
				CLANG_WARN_DOCUMENTATION_COMMENTS = YES;
				CLANG_WARN_EMPTY_BODY = YES;
				CLANG_WARN_ENUM_CONVERSION = YES;
				CLANG_WARN_INFINITE_RECURSION = YES;
				CLANG_WARN_INT_CONVERSION = YES;
				CLANG_WARN_NON_LITERAL_NULL_CONVERSION = YES;
				CLANG_WARN_OBJC_IMPLICIT_RETAIN_SELF = YES;
				CLANG_WARN_OBJC_LITERAL_CONVERSION = YES;
				CLANG_WARN_OBJC_ROOT_CLASS = YES_ERROR;
				CLANG_WARN_RANGE_LOOP_ANALYSIS = YES;
				CLANG_WARN_STRICT_PROTOTYPES = YES;
				CLANG_WARN_SUSPICIOUS_MOVE = YES;
				CLANG_WARN_UNGUARDED_AVAILABILITY = YES_AGGRESSIVE;
				CLANG_WARN_UNREACHABLE_CODE = YES;
				CLANG_WARN__DUPLICATE_METHOD_MATCH = YES;
				COPY_PHASE_STRIP = NO;
				DEBUG_INFORMATION_FORMAT = "dwarf-with-dsym";
				ENABLE_NS_ASSERTIONS = NO;
				ENABLE_STRICT_OBJC_MSGSEND = YES;
				GCC_C_LANGUAGE_STANDARD = gnu11;
				GCC_NO_COMMON_BLOCKS = YES;
				GCC_WARN_64_TO_32_BIT_CONVERSION = YES;
				GCC_WARN_ABOUT_RETURN_TYPE = YES_ERROR;
				GCC_WARN_UNDECLARED_SELECTOR = YES;
				GCC_WARN_UNINITIALIZED_AUTOS = YES_AGGRESSIVE;
				GCC_WARN_UNUSED_FUNCTION = YES;
				GCC_WARN_UNUSED_VARIABLE = YES;
				IPHONEOS_DEPLOYMENT_TARGET = 13.2;
				MTL_ENABLE_DEBUG_INFO = NO;
				MTL_FAST_MATH = YES;
				SDKROOT = iphoneos;
				SWIFT_COMPILATION_MODE = wholemodule;
				SWIFT_OPTIMIZATION_LEVEL = "-O";
				VALIDATE_PRODUCT = YES;
			};
			name = Release;
		};
		2F36975D23DF57F100B9ED2D /* Debug */ = {
			isa = XCBuildConfiguration;
			baseConfigurationReference = 1E9B4805902E57F25B44B996 /* Pods-Barter POC.debug.xcconfig */;
			buildSettings = {
				ASSETCATALOG_COMPILER_APPICON_NAME = AppIcon;
				CODE_SIGN_STYLE = Automatic;
				DEVELOPMENT_TEAM = V9P9676GDC;
				INFOPLIST_FILE = "Barter POC/Info.plist";
				LD_RUNPATH_SEARCH_PATHS = (
					"$(inherited)",
					"@executable_path/Frameworks",
				);
				PRODUCT_BUNDLE_IDENTIFIER = "i.Barter-POC";
				PRODUCT_NAME = "$(TARGET_NAME)";
				SWIFT_VERSION = 5.0;
				TARGETED_DEVICE_FAMILY = "1,2";
			};
			name = Debug;
		};
		2F36975E23DF57F100B9ED2D /* Release */ = {
			isa = XCBuildConfiguration;
			baseConfigurationReference = A0634F7A388FEC29AE6AAAAE /* Pods-Barter POC.release.xcconfig */;
			buildSettings = {
				ASSETCATALOG_COMPILER_APPICON_NAME = AppIcon;
				CODE_SIGN_STYLE = Automatic;
				DEVELOPMENT_TEAM = V9P9676GDC;
				INFOPLIST_FILE = "Barter POC/Info.plist";
				LD_RUNPATH_SEARCH_PATHS = (
					"$(inherited)",
					"@executable_path/Frameworks",
				);
				PRODUCT_BUNDLE_IDENTIFIER = "i.Barter-POC";
				PRODUCT_NAME = "$(TARGET_NAME)";
				SWIFT_VERSION = 5.0;
				TARGETED_DEVICE_FAMILY = "1,2";
			};
			name = Release;
		};
		2F36976023DF57F100B9ED2D /* Debug */ = {
			isa = XCBuildConfiguration;
			baseConfigurationReference = 173C99CD853C095D70BDA431 /* Pods-Barter POCTests.debug.xcconfig */;
			buildSettings = {
				ALWAYS_EMBED_SWIFT_STANDARD_LIBRARIES = YES;
				BUNDLE_LOADER = "$(TEST_HOST)";
				CODE_SIGN_STYLE = Automatic;
				DEVELOPMENT_TEAM = V9P9676GDC;
				INFOPLIST_FILE = "Barter POCTests/Info.plist";
				IPHONEOS_DEPLOYMENT_TARGET = 13.2;
				LD_RUNPATH_SEARCH_PATHS = (
					"$(inherited)",
					"@executable_path/Frameworks",
					"@loader_path/Frameworks",
				);
				PRODUCT_BUNDLE_IDENTIFIER = "i.Barter-POCTests";
				PRODUCT_NAME = "$(TARGET_NAME)";
				SWIFT_VERSION = 5.0;
				TARGETED_DEVICE_FAMILY = "1,2";
				TEST_HOST = "$(BUILT_PRODUCTS_DIR)/Barter POC.app/Barter POC";
			};
			name = Debug;
		};
		2F36976123DF57F100B9ED2D /* Release */ = {
			isa = XCBuildConfiguration;
			baseConfigurationReference = 1F4CF37C3876E1014C96CFED /* Pods-Barter POCTests.release.xcconfig */;
			buildSettings = {
				ALWAYS_EMBED_SWIFT_STANDARD_LIBRARIES = YES;
				BUNDLE_LOADER = "$(TEST_HOST)";
				CODE_SIGN_STYLE = Automatic;
				DEVELOPMENT_TEAM = V9P9676GDC;
				INFOPLIST_FILE = "Barter POCTests/Info.plist";
				IPHONEOS_DEPLOYMENT_TARGET = 13.2;
				LD_RUNPATH_SEARCH_PATHS = (
					"$(inherited)",
					"@executable_path/Frameworks",
					"@loader_path/Frameworks",
				);
				PRODUCT_BUNDLE_IDENTIFIER = "i.Barter-POCTests";
				PRODUCT_NAME = "$(TARGET_NAME)";
				SWIFT_VERSION = 5.0;
				TARGETED_DEVICE_FAMILY = "1,2";
				TEST_HOST = "$(BUILT_PRODUCTS_DIR)/Barter POC.app/Barter POC";
			};
			name = Release;
		};
		2F36976323DF57F100B9ED2D /* Debug */ = {
			isa = XCBuildConfiguration;
			baseConfigurationReference = 7EB48E819467CDC855A2B47C /* Pods-Barter POCUITests.debug.xcconfig */;
			buildSettings = {
				ALWAYS_EMBED_SWIFT_STANDARD_LIBRARIES = YES;
				CODE_SIGN_STYLE = Automatic;
				DEVELOPMENT_TEAM = V9P9676GDC;
				INFOPLIST_FILE = "Barter POCUITests/Info.plist";
				LD_RUNPATH_SEARCH_PATHS = (
					"$(inherited)",
					"@executable_path/Frameworks",
					"@loader_path/Frameworks",
				);
				PRODUCT_BUNDLE_IDENTIFIER = "i.Barter-POCUITests";
				PRODUCT_NAME = "$(TARGET_NAME)";
				SWIFT_VERSION = 5.0;
				TARGETED_DEVICE_FAMILY = "1,2";
				TEST_TARGET_NAME = "Barter POC";
			};
			name = Debug;
		};
		2F36976423DF57F100B9ED2D /* Release */ = {
			isa = XCBuildConfiguration;
			baseConfigurationReference = 43A2A052FA0CB5EB91519CD3 /* Pods-Barter POCUITests.release.xcconfig */;
			buildSettings = {
				ALWAYS_EMBED_SWIFT_STANDARD_LIBRARIES = YES;
				CODE_SIGN_STYLE = Automatic;
				DEVELOPMENT_TEAM = V9P9676GDC;
				INFOPLIST_FILE = "Barter POCUITests/Info.plist";
				LD_RUNPATH_SEARCH_PATHS = (
					"$(inherited)",
					"@executable_path/Frameworks",
					"@loader_path/Frameworks",
				);
				PRODUCT_BUNDLE_IDENTIFIER = "i.Barter-POCUITests";
				PRODUCT_NAME = "$(TARGET_NAME)";
				SWIFT_VERSION = 5.0;
				TARGETED_DEVICE_FAMILY = "1,2";
				TEST_TARGET_NAME = "Barter POC";
			};
			name = Release;
		};
/* End XCBuildConfiguration section */

/* Begin XCConfigurationList section */
		2F36972D23DF57EF00B9ED2D /* Build configuration list for PBXProject "Barter POC" */ = {
			isa = XCConfigurationList;
			buildConfigurations = (
				2F36975A23DF57F100B9ED2D /* Debug */,
				2F36975B23DF57F100B9ED2D /* Release */,
			);
			defaultConfigurationIsVisible = 0;
			defaultConfigurationName = Release;
		};
		2F36975C23DF57F100B9ED2D /* Build configuration list for PBXNativeTarget "Barter POC" */ = {
			isa = XCConfigurationList;
			buildConfigurations = (
				2F36975D23DF57F100B9ED2D /* Debug */,
				2F36975E23DF57F100B9ED2D /* Release */,
			);
			defaultConfigurationIsVisible = 0;
			defaultConfigurationName = Release;
		};
		2F36975F23DF57F100B9ED2D /* Build configuration list for PBXNativeTarget "Barter POCTests" */ = {
			isa = XCConfigurationList;
			buildConfigurations = (
				2F36976023DF57F100B9ED2D /* Debug */,
				2F36976123DF57F100B9ED2D /* Release */,
			);
			defaultConfigurationIsVisible = 0;
			defaultConfigurationName = Release;
		};
		2F36976223DF57F100B9ED2D /* Build configuration list for PBXNativeTarget "Barter POCUITests" */ = {
			isa = XCConfigurationList;
			buildConfigurations = (
				2F36976323DF57F100B9ED2D /* Debug */,
				2F36976423DF57F100B9ED2D /* Release */,
			);
			defaultConfigurationIsVisible = 0;
			defaultConfigurationName = Release;
		};
/* End XCConfigurationList section */
	};
	rootObject = 2F36972A23DF57EF00B9ED2D /* Project object */;
}
